
Microsoft Visual Studio Solution File, Format Version 12.00
# Visual Studio Version 16
VisualStudioVersion = 16.0.30128.74
MinimumVisualStudioVersion = 10.0.40219.1
Project("{2150E333-8FDC-42A3-9474-1A3956D46DE8}") = "src", "src", "{5F33F5CB-2D6C-49C6-89F4-7FE49D6E69CF}"
EndProject
Project("{2150E333-8FDC-42A3-9474-1A3956D46DE8}") = "test", "test", "{9926C516-24E2-436E-9713-B51D64D5C28E}"
EndProject
Project("{2150E333-8FDC-42A3-9474-1A3956D46DE8}") = "Api1", "Api1", "{EF9CEBE1-57E8-4B2E-BE0C-8CC6E534D55C}"
EndProject
Project("{2150E333-8FDC-42A3-9474-1A3956D46DE8}") = "Api2", "Api2", "{154F286F-A967-4F33-B3FF-71B6BC2A8213}"
EndProject
Project("{2150E333-8FDC-42A3-9474-1A3956D46DE8}") = "Api1", "Api1", "{09C834A7-2F3A-47A8-BD7B-90E904F2DC53}"
EndProject
Project("{2150E333-8FDC-42A3-9474-1A3956D46DE8}") = "Api2", "Api2", "{BB667856-E090-420F-991A-C38E9588E95F}"
EndProject
Project("{9A19103F-16F7-4668-BE54-9A1E7A4F7556}") = "Softplan.Api1", "src\Api1\Softplan.Api1\Softplan.Api1.csproj", "{2B10B0A8-D5B8-4DC8-864F-7F8AF1604ADB}"
EndProject
Project("{9A19103F-16F7-4668-BE54-9A1E7A4F7556}") = "Softplan.Api1.Tests", "test\Api1\Softplan.Api1.Tests\Softplan.Api1.Tests.csproj", "{F7A04135-6524-4312-B15F-237454831CA7}"
EndProject
Project("{2150E333-8FDC-42A3-9474-1A3956D46DE8}") = "Layers", "Layers", "{11252B3B-9EAD-4967-90D1-4D4563415491}"
EndProject
Project("{FAE04EC0-301F-11D3-BF4B-00C04F79EFBC}") = "Softplan.Api1.Domain", "src\Api1\Softplan.Api1.Domain\Softplan.Api1.Domain.csproj", "{3E1BB938-D8A0-4292-945B-8B93838D710D}"
EndProject
Project("{FAE04EC0-301F-11D3-BF4B-00C04F79EFBC}") = "Softplan.Api1.Application", "src\Api1\Softplan.Api1.Application\Softplan.Api1.Application.csproj", "{CEAFA383-1E7D-4959-BE03-3C4CD825B542}"
EndProject
Project("{FAE04EC0-301F-11D3-BF4B-00C04F79EFBC}") = "Softplan.Api1.Infrastructure.IoC", "src\Api1\Softplan.Api1.Infrastructure.IoC\Softplan.Api1.Infrastructure.IoC.csproj", "{E811D8E1-ECC3-43A6-8264-E22880ED0FCD}"
EndProject
Project("{FAE04EC0-301F-11D3-BF4B-00C04F79EFBC}") = "Softplan.Api2", "src\Api2\Softplan.Api2\Softplan.Api2.csproj", "{8304DB8C-DBAB-421C-A7EA-852CC5A3F4E4}"
EndProject
Project("{FAE04EC0-301F-11D3-BF4B-00C04F79EFBC}") = "Softplan.Api2.Tests", "test\Api2\Softplan.Api2.Tests\Softplan.Api2.Tests.csproj", "{6ED27914-5B2B-4FEC-B8C3-BB533958479E}"
EndProject
Global
	GlobalSection(SolutionConfigurationPlatforms) = preSolution
		Debug|Any CPU = Debug|Any CPU
		Release|Any CPU = Release|Any CPU
	EndGlobalSection
	GlobalSection(ProjectConfigurationPlatforms) = postSolution
		{2B10B0A8-D5B8-4DC8-864F-7F8AF1604ADB}.Debug|Any CPU.ActiveCfg = Debug|Any CPU
		{2B10B0A8-D5B8-4DC8-864F-7F8AF1604ADB}.Debug|Any CPU.Build.0 = Debug|Any CPU
		{2B10B0A8-D5B8-4DC8-864F-7F8AF1604ADB}.Release|Any CPU.ActiveCfg = Release|Any CPU
		{2B10B0A8-D5B8-4DC8-864F-7F8AF1604ADB}.Release|Any CPU.Build.0 = Release|Any CPU
		{F7A04135-6524-4312-B15F-237454831CA7}.Debug|Any CPU.ActiveCfg = Debug|Any CPU
		{F7A04135-6524-4312-B15F-237454831CA7}.Debug|Any CPU.Build.0 = Debug|Any CPU
		{F7A04135-6524-4312-B15F-237454831CA7}.Release|Any CPU.ActiveCfg = Release|Any CPU
		{F7A04135-6524-4312-B15F-237454831CA7}.Release|Any CPU.Build.0 = Release|Any CPU
		{3E1BB938-D8A0-4292-945B-8B93838D710D}.Debug|Any CPU.ActiveCfg = Debug|Any CPU
		{3E1BB938-D8A0-4292-945B-8B93838D710D}.Debug|Any CPU.Build.0 = Debug|Any CPU
		{3E1BB938-D8A0-4292-945B-8B93838D710D}.Release|Any CPU.ActiveCfg = Release|Any CPU
		{3E1BB938-D8A0-4292-945B-8B93838D710D}.Release|Any CPU.Build.0 = Release|Any CPU
		{CEAFA383-1E7D-4959-BE03-3C4CD825B542}.Debug|Any CPU.ActiveCfg = Debug|Any CPU
		{CEAFA383-1E7D-4959-BE03-3C4CD825B542}.Debug|Any CPU.Build.0 = Debug|Any CPU
		{CEAFA383-1E7D-4959-BE03-3C4CD825B542}.Release|Any CPU.ActiveCfg = Release|Any CPU
		{CEAFA383-1E7D-4959-BE03-3C4CD825B542}.Release|Any CPU.Build.0 = Release|Any CPU
		{E811D8E1-ECC3-43A6-8264-E22880ED0FCD}.Debug|Any CPU.ActiveCfg = Debug|Any CPU
		{E811D8E1-ECC3-43A6-8264-E22880ED0FCD}.Debug|Any CPU.Build.0 = Debug|Any CPU
		{E811D8E1-ECC3-43A6-8264-E22880ED0FCD}.Release|Any CPU.ActiveCfg = Release|Any CPU
		{E811D8E1-ECC3-43A6-8264-E22880ED0FCD}.Release|Any CPU.Build.0 = Release|Any CPU
		{8304DB8C-DBAB-421C-A7EA-852CC5A3F4E4}.Debug|Any CPU.ActiveCfg = Debug|Any CPU
		{8304DB8C-DBAB-421C-A7EA-852CC5A3F4E4}.Debug|Any CPU.Build.0 = Debug|Any CPU
		{8304DB8C-DBAB-421C-A7EA-852CC5A3F4E4}.Release|Any CPU.ActiveCfg = Release|Any CPU
		{8304DB8C-DBAB-421C-A7EA-852CC5A3F4E4}.Release|Any CPU.Build.0 = Release|Any CPU
		{6ED27914-5B2B-4FEC-B8C3-BB533958479E}.Debug|Any CPU.ActiveCfg = Debug|Any CPU
		{6ED27914-5B2B-4FEC-B8C3-BB533958479E}.Debug|Any CPU.Build.0 = Debug|Any CPU
		{6ED27914-5B2B-4FEC-B8C3-BB533958479E}.Release|Any CPU.ActiveCfg = Release|Any CPU
		{6ED27914-5B2B-4FEC-B8C3-BB533958479E}.Release|Any CPU.Build.0 = Release|Any CPU
	EndGlobalSection
	GlobalSection(SolutionProperties) = preSolution
		HideSolutionNode = FALSE
	EndGlobalSection
	GlobalSection(NestedProjects) = preSolution
		{EF9CEBE1-57E8-4B2E-BE0C-8CC6E534D55C} = {5F33F5CB-2D6C-49C6-89F4-7FE49D6E69CF}
		{154F286F-A967-4F33-B3FF-71B6BC2A8213} = {5F33F5CB-2D6C-49C6-89F4-7FE49D6E69CF}
		{09C834A7-2F3A-47A8-BD7B-90E904F2DC53} = {9926C516-24E2-436E-9713-B51D64D5C28E}
		{BB667856-E090-420F-991A-C38E9588E95F} = {9926C516-24E2-436E-9713-B51D64D5C28E}
		{2B10B0A8-D5B8-4DC8-864F-7F8AF1604ADB} = {EF9CEBE1-57E8-4B2E-BE0C-8CC6E534D55C}
		{F7A04135-6524-4312-B15F-237454831CA7} = {09C834A7-2F3A-47A8-BD7B-90E904F2DC53}
		{11252B3B-9EAD-4967-90D1-4D4563415491} = {EF9CEBE1-57E8-4B2E-BE0C-8CC6E534D55C}
		{3E1BB938-D8A0-4292-945B-8B93838D710D} = {11252B3B-9EAD-4967-90D1-4D4563415491}
		{CEAFA383-1E7D-4959-BE03-3C4CD825B542} = {11252B3B-9EAD-4967-90D1-4D4563415491}
		{E811D8E1-ECC3-43A6-8264-E22880ED0FCD} = {11252B3B-9EAD-4967-90D1-4D4563415491}
		{8304DB8C-DBAB-421C-A7EA-852CC5A3F4E4} = {154F286F-A967-4F33-B3FF-71B6BC2A8213}
		{6ED27914-5B2B-4FEC-B8C3-BB533958479E} = {BB667856-E090-420F-991A-C38E9588E95F}
	EndGlobalSection
	GlobalSection(ExtensibilityGlobals) = postSolution
		SolutionGuid = {8BFAB150-E5BD-4131-AF92-124D99D1528C}
	EndGlobalSection
EndGlobal
